
Microsoft Visual Studio Solution File, Format Version 12.00
# Visual Studio Version 17
VisualStudioVersion = 17.11.35219.272
MinimumVisualStudioVersion = 10.0.40219.1
Project("{FAE04EC0-301F-11D3-BF4B-00C04F79EFBC}") = "ConsoleApp1", "ConsoleApp1\ConsoleApp1.csproj", "{516F2917-01CC-43C9-AC1D-35DBACB8D29A}"
EndProject
Global
	GlobalSection(SolutionConfigurationPlatforms) = preSolution
		Debug|Any CPU = Debug|Any CPU
		Release|Any CPU = Release|Any CPU
	EndGlobalSection
	GlobalSection(ProjectConfigurationPlatforms) = postSolution
		{516F2917-01CC-43C9-AC1D-35DBACB8D29A}.Debug|Any CPU.ActiveCfg = Debug|Any CPU
		{516F2917-01CC-43C9-AC1D-35DBACB8D29A}.Debug|Any CPU.Build.0 = Debug|Any CPU
		{516F2917-01CC-43C9-AC1D-35DBACB8D29A}.Release|Any CPU.ActiveCfg = Release|Any CPU
		{516F2917-01CC-43C9-AC1D-35DBACB8D29A}.Release|Any CPU.Build.0 = Release|Any CPU
	EndGlobalSection
	GlobalSection(SolutionProperties) = preSolution
		HideSolutionNode = FALSE
	EndGlobalSection
	GlobalSection(ExtensibilityGlobals) = postSolution
		SolutionGuid = {2CB986BD-025A-4E83-9112-4A3DDD83F284}
	EndGlobalSection
EndGlobal
